{
  "github.com/BurntSushi/toml@v1.6.0": "9420811c95cb19c24c389b8b0cb39d8e991cd6559fcf75d97697e9d5411f6cf2",
  "github.com/davecgh/go-spew@v1.1.1": "913222fc9af477d352ea4c30d0eafa6369fc2ca7caff7dda607f05c4f50c1ee1",
  "github.com/inconshreveable/mousetrap@v1.1.0": "3bce352879760120bbfb6f9b47d53deb0795b2df891b84cc8fd42adfa5117654",
  "github.com/mattn/go-pointer@v0.0.1": "8f234711f4ad7bd093de8ec0e9f51f0adb7315c1fd9366c76d4644338350fa15",
  "github.com/pmezard/go-difflib@v1.0.0": "09adcdb078b5d3bfaad1e8c7574d2477bf2c35bbaeb4e3efd597164b60bd52d2",
  "github.com/spf13/cobra@v1.10.2": "c3d279301751552aaa326a13933c20a53f57f67efb9e861cf037ee48d0b02d3a",
  "github.com/spf13/pflag@v1.0.9": "91ec8d0b42fab625de6e5e266ce48be176f0c0ee19ff3f59bce29a60c23b6322",
  "github.com/stretchr/testify@v1.10.0": "11e798d2165ca7a840a570ffd989fe139fbfd8bc4673584b0b6bf4ea923ace99",
  "github.com/tree-sitter/go-tree-sitter@v0.25.0": "b4886aea92588a8b6a410ddceab5a2daa64f071bf1071a49383239934270b9aa",
  "github.com/tree-sitter/tree-sitter-c@v0.23.4": "545e0ba8c2c4d1cddb4bde09131a0045f2960e08c442c6b6e0117d7288a8a143",
  "github.com/tree-sitter/tree-sitter-cpp@v0.23.4": "545e0ba8c2c4d1cddb4bde09131a0045f2960e08c442c6b6e0117d7288a8a143",
  "github.com/tree-sitter/tree-sitter-embedded-template@v0.23.2": "faf222a31da202fb3032fd7d34d90e4fdeb783ce1dc1a764a15786e26bdf0445",
  "github.com/tree-sitter/tree-sitter-go@v0.25.0": "545e0ba8c2c4d1cddb4bde09131a0045f2960e08c442c6b6e0117d7288a8a143",
  "github.com/tree-sitter/tree-sitter-html@v0.23.2": "545e0ba8c2c4d1cddb4bde09131a0045f2960e08c442c6b6e0117d7288a8a143",
  "github.com/tree-sitter/tree-sitter-java@v0.23.5": "0571dac57968640970512eea9aa537910fffa37f57434c93a5ac6761c72b0083",
  "github.com/tree-sitter/tree-sitter-javascript@v0.25.0": "545e0ba8c2c4d1cddb4bde09131a0045f2960e08c442c6b6e0117d7288a8a143",
  "github.com/tree-sitter/tree-sitter-json@v0.24.8": "545e0ba8c2c4d1cddb4bde09131a0045f2960e08c442c6b6e0117d7288a8a143",
  "github.com/tree-sitter/tree-sitter-php@v0.23.11": "4bbd7253030fd78235d5896591abfd2dfcfdbeae31f242f40180c1ae676f5345",
  "github.com/tree-sitter/tree-sitter-python@v0.25.0": "2d82915af6ac80ea3672c54d48877311a4b97e4ba9678190c7d589e95835fde3",
  "github.com/tree-sitter/tree-sitter-ruby@v0.23.1": "000381b75c9994f21ed68bbb234bc5d1293b91b949bd8a22c4c9527bad5e63a3",
  "github.com/tree-sitter/tree-sitter-rust@v0.23.2": "96477e39714a5269cbf3f800abb25811c1549abf638c3a11355b8d4d3d153890",
  "github.com/tree-sitter/tree-sitter-typescript@v0.23.2": "2ead186313e9c5dbab582866accd36ce6c3976a42a5a3d59fb4d3786fe22cdd7",
  "gopkg.in/check.v1@v0.0.0-20161208181325-20d25e280405": "13199c025eecb4d8fa864e73c9d8187a595baa566118e517948bc4dc1f8c9112",
  "gopkg.in/yaml.v3@v3.0.1": "ce97c913dafde13b98b40e0df0690ad9b96c0809963754251a443a9867c7343f"
}
